// !$*UTF8*$!
{
	archiveVersion = 1;
	classes = {
	};
	objectVersion = 77;
	objects = {

/* Begin PBXContainerItemProxy section */
		A9833C4E2CAEFF1900D92CDD /* PBXContainerItemProxy */ = {
			isa = PBXContainerItemProxy;
			containerPortal = A9833C352CAEFF1800D92CDD /* Project object */;
			proxyType = 1;
			remoteGlobalIDString = A9833C3C2CAEFF1800D92CDD;
			remoteInfo = CleanArchitectureDemo;
		};
		A9833C582CAEFF1900D92CDD /* PBXContainerItemProxy */ = {
			isa = PBXContainerItemProxy;
			containerPortal = A9833C352CAEFF1800D92CDD /* Project object */;
			proxyType = 1;
			remoteGlobalIDString = A9833C3C2CAEFF1800D92CDD;
			remoteInfo = CleanArchitectureDemo;
		};
/* End PBXContainerItemProxy section */

/* Begin PBXFileReference section */
		A9833C3D2CAEFF1800D92CDD /* CleanArchitectureDemo.app */ = {isa = PBXFileReference; explicitFileType = wrapper.application; includeInIndex = 0; path = CleanArchitectureDemo.app; sourceTree = BUILT_PRODUCTS_DIR; };
		A9833C4D2CAEFF1900D92CDD /* CleanArchitectureDemoTests.xctest */ = {isa = PBXFileReference; explicitFileType = wrapper.cfbundle; includeInIndex = 0; path = CleanArchitectureDemoTests.xctest; sourceTree = BUILT_PRODUCTS_DIR; };
		A9833C572CAEFF1900D92CDD /* CleanArchitectureDemoUITests.xctest */ = {isa = PBXFileReference; explicitFileType = wrapper.cfbundle; includeInIndex = 0; path = CleanArchitectureDemoUITests.xctest; sourceTree = BUILT_PRODUCTS_DIR; };
/* End PBXFileReference section */

/* Begin PBXFileSystemSynchronizedRootGroup section */
		A9833C3F2CAEFF1800D92CDD /* CleanArchitectureDemo */ = {
			isa = PBXFileSystemSynchronizedRootGroup;
			path = CleanArchitectureDemo;
			sourceTree = "<group>";
		};
		A9833C502CAEFF1900D92CDD /* CleanArchitectureDemoTests */ = {
			isa = PBXFileSystemSynchronizedRootGroup;
			path = CleanArchitectureDemoTests;
			sourceTree = "<group>";
		};
		A9833C5A2CAEFF1900D92CDD /* CleanArchitectureDemoUITests */ = {
			isa = PBXFileSystemSynchronizedRootGroup;
			path = CleanArchitectureDemoUITests;
			sourceTree = "<group>";
		};
/* End PBXFileSystemSynchronizedRootGroup section */

/* Begin PBXFrameworksBuildPhase section */
		A9833C3A2CAEFF1800D92CDD /* Frameworks */ = {
			isa = PBXFrameworksBuildPhase;
			buildActionMask = 2147483647;
			files = (
			);
			runOnlyForDeploymentPostprocessing = 0;
		};
		A9833C4A2CAEFF1900D92CDD /* Frameworks */ = {
			isa = PBXFrameworksBuildPhase;
			buildActionMask = 2147483647;
			files = (
			);
			runOnlyForDeploymentPostprocessing = 0;
		};
		A9833C542CAEFF1900D92CDD /* Frameworks */ = {
			isa = PBXFrameworksBuildPhase;
			buildActionMask = 2147483647;
			files = (
			);
			runOnlyForDeploymentPostprocessing = 0;
		};
/* End PBXFrameworksBuildPhase section */

/* Begin PBXGroup section */
		A9833C342CAEFF1800D92CDD = {
			isa = PBXGroup;
			children = (
				A9833C3F2CAEFF1800D92CDD /* CleanArchitectureDemo */,
				A9833C502CAEFF1900D92CDD /* CleanArchitectureDemoTests */,
				A9833C5A2CAEFF1900D92CDD /* CleanArchitectureDemoUITests */,
				A9833C3E2CAEFF1800D92CDD /* Products */,
			);
			sourceTree = "<group>";
		};
		A9833C3E2CAEFF1800D92CDD /* Products */ = {
			isa = PBXGroup;
			children = (
				A9833C3D2CAEFF1800D92CDD /* CleanArchitectureDemo.app */,
				A9833C4D2CAEFF1900D92CDD /* CleanArchitectureDemoTests.xctest */,
				A9833C572CAEFF1900D92CDD /* CleanArchitectureDemoUITests.xctest */,
			);
			name = Products;
			sourceTree = "<group>";
		};
/* End PBXGroup section */

/* Begin PBXNativeTarget section */
		A9833C3C2CAEFF1800D92CDD /* CleanArchitectureDemo */ = {
			isa = PBXNativeTarget;
			buildConfigurationList = A9833C612CAEFF1900D92CDD /* Build configuration list for PBXNativeTarget "CleanArchitectureDemo" */;
			buildPhases = (
				A9833C392CAEFF1800D92CDD /* Sources */,
				A9833C3A2CAEFF1800D92CDD /* Frameworks */,
				A9833C3B2CAEFF1800D92CDD /* Resources */,
			);
			buildRules = (
			);
			dependencies = (
			);
			fileSystemSynchronizedGroups = (
				A9833C3F2CAEFF1800D92CDD /* CleanArchitectureDemo */,
			);
			name = CleanArchitectureDemo;
			packageProductDependencies = (
			);
			productName = CleanArchitectureDemo;
			productReference = A9833C3D2CAEFF1800D92CDD /* CleanArchitectureDemo.app */;
			productType = "com.apple.product-type.application";
		};
		A9833C4C2CAEFF1900D92CDD /* CleanArchitectureDemoTests */ = {
			isa = PBXNativeTarget;
			buildConfigurationList = A9833C642CAEFF1900D92CDD /* Build configuration list for PBXNativeTarget "CleanArchitectureDemoTests" */;
			buildPhases = (
				A9833C492CAEFF1900D92CDD /* Sources */,
				A9833C4A2CAEFF1900D92CDD /* Frameworks */,
				A9833C4B2CAEFF1900D92CDD /* Resources */,
			);
			buildRules = (
			);
			dependencies = (
				A9833C4F2CAEFF1900D92CDD /* PBXTargetDependency */,
			);
			fileSystemSynchronizedGroups = (
				A9833C502CAEFF1900D92CDD /* CleanArchitectureDemoTests */,
			);
			name = CleanArchitectureDemoTests;
			packageProductDependencies = (
			);
			productName = CleanArchitectureDemoTests;
			productReference = A9833C4D2CAEFF1900D92CDD /* CleanArchitectureDemoTests.xctest */;
			productType = "com.apple.product-type.bundle.unit-test";
		};
		A9833C562CAEFF1900D92CDD /* CleanArchitectureDemoUITests */ = {
			isa = PBXNativeTarget;
			buildConfigurationList = A9833C672CAEFF1900D92CDD /* Build configuration list for PBXNativeTarget "CleanArchitectureDemoUITests" */;
			buildPhases = (
				A9833C532CAEFF1900D92CDD /* Sources */,
				A9833C542CAEFF1900D92CDD /* Frameworks */,
				A9833C552CAEFF1900D92CDD /* Resources */,
			);
			buildRules = (
			);
			dependencies = (
				A9833C592CAEFF1900D92CDD /* PBXTargetDependency */,
			);
			fileSystemSynchronizedGroups = (
				A9833C5A2CAEFF1900D92CDD /* CleanArchitectureDemoUITests */,
			);
			name = CleanArchitectureDemoUITests;
			packageProductDependencies = (
			);
			productName = CleanArchitectureDemoUITests;
			productReference = A9833C572CAEFF1900D92CDD /* CleanArchitectureDemoUITests.xctest */;
			productType = "com.apple.product-type.bundle.ui-testing";
		};
/* End PBXNativeTarget section */

/* Begin PBXProject section */
		A9833C352CAEFF1800D92CDD /* Project object */ = {
			isa = PBXProject;
			attributes = {
				BuildIndependentTargetsInParallel = 1;
				LastSwiftUpdateCheck = 1600;
				LastUpgradeCheck = 1600;
				TargetAttributes = {
					A9833C3C2CAEFF1800D92CDD = {
						CreatedOnToolsVersion = 16.0;
					};
					A9833C4C2CAEFF1900D92CDD = {
						CreatedOnToolsVersion = 16.0;
						TestTargetID = A9833C3C2CAEFF1800D92CDD;
					};
					A9833C562CAEFF1900D92CDD = {
						CreatedOnToolsVersion = 16.0;
						TestTargetID = A9833C3C2CAEFF1800D92CDD;
					};
				};
			};
			buildConfigurationList = A9833C382CAEFF1800D92CDD /* Build configuration list for PBXProject "CleanArchitectureDemo" */;
			developmentRegion = en;
			hasScannedForEncodings = 0;
			knownRegions = (
				en,
				Base,
			);
			mainGroup = A9833C342CAEFF1800D92CDD;
			minimizedProjectReferenceProxies = 1;
			preferredProjectObjectVersion = 77;
			productRefGroup = A9833C3E2CAEFF1800D92CDD /* Products */;
			projectDirPath = "";
			projectRoot = "";
			targets = (
				A9833C3C2CAEFF1800D92CDD /* CleanArchitectureDemo */,
				A9833C4C2CAEFF1900D92CDD /* CleanArchitectureDemoTests */,
				A9833C562CAEFF1900D92CDD /* CleanArchitectureDemoUITests */,
			);
		};
/* End PBXProject section */

/* Begin PBXResourcesBuildPhase section */
		A9833C3B2CAEFF1800D92CDD /* Resources */ = {
			isa = PBXResourcesBuildPhase;
			buildActionMask = 2147483647;
			files = (
			);
			runOnlyForDeploymentPostprocessing = 0;
		};
		A9833C4B2CAEFF1900D92CDD /* Resources */ = {
			isa = PBXResourcesBuildPhase;
			buildActionMask = 2147483647;
			files = (
			);
			runOnlyForDeploymentPostprocessing = 0;
		};
		A9833C552CAEFF1900D92CDD /* Resources */ = {
			isa = PBXResourcesBuildPhase;
			buildActionMask = 2147483647;
			files = (
			);
			runOnlyForDeploymentPostprocessing = 0;
		};
/* End PBXResourcesBuildPhase section */

/* Begin PBXSourcesBuildPhase section */
		A9833C392CAEFF1800D92CDD /* Sources */ = {
			isa = PBXSourcesBuildPhase;
			buildActionMask = 2147483647;
			files = (
			);
			runOnlyForDeploymentPostprocessing = 0;
		};
		A9833C492CAEFF1900D92CDD /* Sources */ = {
			isa = PBXSourcesBuildPhase;
			buildActionMask = 2147483647;
			files = (
			);
			runOnlyForDeploymentPostprocessing = 0;
		};
		A9833C532CAEFF1900D92CDD /* Sources */ = {
			isa = PBXSourcesBuildPhase;
			buildActionMask = 2147483647;
			files = (
			);
			runOnlyForDeploymentPostprocessing = 0;
		};
/* End PBXSourcesBuildPhase section */

/* Begin PBXTargetDependency section */
		A9833C4F2CAEFF1900D92CDD /* PBXTargetDependency */ = {
			isa = PBXTargetDependency;
			target = A9833C3C2CAEFF1800D92CDD /* CleanArchitectureDemo */;
			targetProxy = A9833C4E2CAEFF1900D92CDD /* PBXContainerItemProxy */;
		};
		A9833C592CAEFF1900D92CDD /* PBXTargetDependency */ = {
			isa = PBXTargetDependency;
			target = A9833C3C2CAEFF1800D92CDD /* CleanArchitectureDemo */;
			targetProxy = A9833C582CAEFF1900D92CDD /* PBXContainerItemProxy */;
		};
/* End PBXTargetDependency section */

/* Begin XCBuildConfiguration section */
		A9833C5F2CAEFF1900D92CDD /* Debug */ = {
			isa = XCBuildConfiguration;
			buildSettings = {
				ALWAYS_SEARCH_USER_PATHS = NO;
				ASSETCATALOG_COMPILER_GENERATE_SWIFT_ASSET_SYMBOL_EXTENSIONS = YES;
				CLANG_ANALYZER_NONNULL = YES;
				CLANG_ANALYZER_NUMBER_OBJECT_CONVERSION = YES_AGGRESSIVE;
				CLANG_CXX_LANGUAGE_STANDARD = "gnu++20";
				CLANG_ENABLE_MODULES = YES;
				CLANG_ENABLE_OBJC_ARC = YES;
				CLANG_ENABLE_OBJC_WEAK = YES;
				CLANG_WARN_BLOCK_CAPTURE_AUTORELEASING = YES;
				CLANG_WARN_BOOL_CONVERSION = YES;
				CLANG_WARN_COMMA = YES;
				CLANG_WARN_CONSTANT_CONVERSION = YES;
				CLANG_WARN_DEPRECATED_OBJC_IMPLEMENTATIONS = YES;
				CLANG_WARN_DIRECT_OBJC_ISA_USAGE = YES_ERROR;
				CLANG_WARN_DOCUMENTATION_COMMENTS = YES;
				CLANG_WARN_EMPTY_BODY = YES;
				CLANG_WARN_ENUM_CONVERSION = YES;
				CLANG_WARN_INFINITE_RECURSION = YES;
				CLANG_WARN_INT_CONVERSION = YES;
				CLANG_WARN_NON_LITERAL_NULL_CONVERSION = YES;
				CLANG_WARN_OBJC_IMPLICIT_RETAIN_SELF = YES;
				CLANG_WARN_OBJC_LITERAL_CONVERSION = YES;
				CLANG_WARN_OBJC_ROOT_CLASS = YES_ERROR;
				CLANG_WARN_QUOTED_INCLUDE_IN_FRAMEWORK_HEADER = YES;
				CLANG_WARN_RANGE_LOOP_ANALYSIS = YES;
				CLANG_WARN_STRICT_PROTOTYPES = YES;
				CLANG_WARN_SUSPICIOUS_MOVE = YES;
				CLANG_WARN_UNGUARDED_AVAILABILITY = YES_AGGRESSIVE;
				CLANG_WARN_UNREACHABLE_CODE = YES;
				CLANG_WARN__DUPLICATE_METHOD_MATCH = YES;
				COPY_PHASE_STRIP = NO;
				DEBUG_INFORMATION_FORMAT = dwarf;
				ENABLE_STRICT_OBJC_MSGSEND = YES;
				ENABLE_TESTABILITY = YES;
				ENABLE_USER_SCRIPT_SANDBOXING = YES;
				GCC_C_LANGUAGE_STANDARD = gnu17;
				GCC_DYNAMIC_NO_PIC = NO;
				GCC_NO_COMMON_BLOCKS = YES;
				GCC_OPTIMIZATION_LEVEL = 0;
				GCC_PREPROCESSOR_DEFINITIONS = (
					"DEBUG=1",
					"$(inherited)",
				);
				GCC_WARN_64_TO_32_BIT_CONVERSION = YES;
				GCC_WARN_ABOUT_RETURN_TYPE = YES_ERROR;
				GCC_WARN_UNDECLARED_SELECTOR = YES;
				GCC_WARN_UNINITIALIZED_AUTOS = YES_AGGRESSIVE;
				GCC_WARN_UNUSED_FUNCTION = YES;
				GCC_WARN_UNUSED_VARIABLE = YES;
				IPHONEOS_DEPLOYMENT_TARGET = 18.0;
				LOCALIZATION_PREFERS_STRING_CATALOGS = YES;
				MTL_ENABLE_DEBUG_INFO = INCLUDE_SOURCE;
				MTL_FAST_MATH = YES;
				ONLY_ACTIVE_ARCH = YES;
				SDKROOT = iphoneos;
				SWIFT_ACTIVE_COMPILATION_CONDITIONS = "DEBUG $(inherited)";
				SWIFT_OPTIMIZATION_LEVEL = "-Onone";
			};
			name = Debug;
		};
		A9833C602CAEFF1900D92CDD /* Release */ = {
			isa = XCBuildConfiguration;
			buildSettings = {
				ALWAYS_SEARCH_USER_PATHS = NO;
				ASSETCATALOG_COMPILER_GENERATE_SWIFT_ASSET_SYMBOL_EXTENSIONS = YES;
				CLANG_ANALYZER_NONNULL = YES;
				CLANG_ANALYZER_NUMBER_OBJECT_CONVERSION = YES_AGGRESSIVE;
				CLANG_CXX_LANGUAGE_STANDARD = "gnu++20";
				CLANG_ENABLE_MODULES = YES;
				CLANG_ENABLE_OBJC_ARC = YES;
				CLANG_ENABLE_OBJC_WEAK = YES;
				CLANG_WARN_BLOCK_CAPTURE_AUTORELEASING = YES;
				CLANG_WARN_BOOL_CONVERSION = YES;
				CLANG_WARN_COMMA = YES;
				CLANG_WARN_CONSTANT_CONVERSION = YES;
				CLANG_WARN_DEPRECATED_OBJC_IMPLEMENTATIONS = YES;
				CLANG_WARN_DIRECT_OBJC_ISA_USAGE = YES_ERROR;
				CLANG_WARN_DOCUMENTATION_COMMENTS = YES;
				CLANG_WARN_EMPTY_BODY = YES;
				CLANG_WARN_ENUM_CONVERSION = YES;
				CLANG_WARN_INFINITE_RECURSION = YES;
				CLANG_WARN_INT_CONVERSION = YES;
				CLANG_WARN_NON_LITERAL_NULL_CONVERSION = YES;
				CLANG_WARN_OBJC_IMPLICIT_RETAIN_SELF = YES;
				CLANG_WARN_OBJC_LITERAL_CONVERSION = YES;
				CLANG_WARN_OBJC_ROOT_CLASS = YES_ERROR;
				CLANG_WARN_QUOTED_INCLUDE_IN_FRAMEWORK_HEADER = YES;
				CLANG_WARN_RANGE_LOOP_ANALYSIS = YES;
				CLANG_WARN_STRICT_PROTOTYPES = YES;
				CLANG_WARN_SUSPICIOUS_MOVE = YES;
				CLANG_WARN_UNGUARDED_AVAILABILITY = YES_AGGRESSIVE;
				CLANG_WARN_UNREACHABLE_CODE = YES;
				CLANG_WARN__DUPLICATE_METHOD_MATCH = YES;
				COPY_PHASE_STRIP = NO;
				DEBUG_INFORMATION_FORMAT = "dwarf-with-dsym";
				ENABLE_NS_ASSERTIONS = NO;
				ENABLE_STRICT_OBJC_MSGSEND = YES;
				ENABLE_USER_SCRIPT_SANDBOXING = YES;
				GCC_C_LANGUAGE_STANDARD = gnu17;
				GCC_NO_COMMON_BLOCKS = YES;
				GCC_WARN_64_TO_32_BIT_CONVERSION = YES;
				GCC_WARN_ABOUT_RETURN_TYPE = YES_ERROR;
				GCC_WARN_UNDECLARED_SELECTOR = YES;
				GCC_WARN_UNINITIALIZED_AUTOS = YES_AGGRESSIVE;
				GCC_WARN_UNUSED_FUNCTION = YES;
				GCC_WARN_UNUSED_VARIABLE = YES;
				IPHONEOS_DEPLOYMENT_TARGET = 18.0;
				LOCALIZATION_PREFERS_STRING_CATALOGS = YES;
				MTL_ENABLE_DEBUG_INFO = NO;
				MTL_FAST_MATH = YES;
				SDKROOT = iphoneos;
				SWIFT_COMPILATION_MODE = wholemodule;
				VALIDATE_PRODUCT = YES;
			};
			name = Release;
		};
		A9833C622CAEFF1900D92CDD /* Debug */ = {
			isa = XCBuildConfiguration;
			buildSettings = {
				ASSETCATALOG_COMPILER_APPICON_NAME = AppIcon;
				ASSETCATALOG_COMPILER_GLOBAL_ACCENT_COLOR_NAME = AccentColor;
				CODE_SIGN_STYLE = Automatic;
				CURRENT_PROJECT_VERSION = 1;
				DEVELOPMENT_ASSET_PATHS = "\"CleanArchitectureDemo/Preview Content\"";
				DEVELOPMENT_TEAM = DL74Q5FP2S;
				ENABLE_PREVIEWS = YES;
				GENERATE_INFOPLIST_FILE = YES;
				INFOPLIST_KEY_UIApplicationSceneManifest_Generation = YES;
				INFOPLIST_KEY_UIApplicationSupportsIndirectInputEvents = YES;
				INFOPLIST_KEY_UILaunchScreen_Generation = YES;
				INFOPLIST_KEY_UISupportedInterfaceOrientations_iPad = "UIInterfaceOrientationPortrait UIInterfaceOrientationPortraitUpsideDown UIInterfaceOrientationLandscapeLeft UIInterfaceOrientationLandscapeRight";
				INFOPLIST_KEY_UISupportedInterfaceOrientations_iPhone = "UIInterfaceOrientationPortrait UIInterfaceOrientationLandscapeLeft UIInterfaceOrientationLandscapeRight";
				LD_RUNPATH_SEARCH_PATHS = (
					"$(inherited)",
					"@executable_path/Frameworks",
				);
				MARKETING_VERSION = 1.0;
				PRODUCT_BUNDLE_IDENTIFIER = com.selflearning.CleanArchitectureDemo;
				PRODUCT_NAME = "$(TARGET_NAME)";
				SWIFT_EMIT_LOC_STRINGS = YES;
				SWIFT_VERSION = 5.0;
				TARGETED_DEVICE_FAMILY = "1,2";
			};
			name = Debug;
		};
		A9833C632CAEFF1900D92CDD /* Release */ = {
			isa = XCBuildConfiguration;
			buildSettings = {
				ASSETCATALOG_COMPILER_APPICON_NAME = AppIcon;
				ASSETCATALOG_COMPILER_GLOBAL_ACCENT_COLOR_NAME = AccentColor;
				CODE_SIGN_STYLE = Automatic;
				CURRENT_PROJECT_VERSION = 1;
				DEVELOPMENT_ASSET_PATHS = "\"CleanArchitectureDemo/Preview Content\"";
				DEVELOPMENT_TEAM = DL74Q5FP2S;
				ENABLE_PREVIEWS = YES;
				GENERATE_INFOPLIST_FILE = YES;
				INFOPLIST_KEY_UIApplicationSceneManifest_Generation = YES;
				INFOPLIST_KEY_UIApplicationSupportsIndirectInputEvents = YES;
				INFOPLIST_KEY_UILaunchScreen_Generation = YES;
				INFOPLIST_KEY_UISupportedInterfaceOrientations_iPad = "UIInterfaceOrientationPortrait UIInterfaceOrientationPortraitUpsideDown UIInterfaceOrientationLandscapeLeft UIInterfaceOrientationLandscapeRight";
				INFOPLIST_KEY_UISupportedInterfaceOrientations_iPhone = "UIInterfaceOrientationPortrait UIInterfaceOrientationLandscapeLeft UIInterfaceOrientationLandscapeRight";
				LD_RUNPATH_SEARCH_PATHS = (
					"$(inherited)",
					"@executable_path/Frameworks",
				);
				MARKETING_VERSION = 1.0;
				PRODUCT_BUNDLE_IDENTIFIER = com.selflearning.CleanArchitectureDemo;
				PRODUCT_NAME = "$(TARGET_NAME)";
				SWIFT_EMIT_LOC_STRINGS = YES;
				SWIFT_VERSION = 5.0;
				TARGETED_DEVICE_FAMILY = "1,2";
			};
			name = Release;
		};
		A9833C652CAEFF1900D92CDD /* Debug */ = {
			isa = XCBuildConfiguration;
			buildSettings = {
				BUNDLE_LOADER = "$(TEST_HOST)";
				CODE_SIGN_STYLE = Automatic;
				CURRENT_PROJECT_VERSION = 1;
				DEVELOPMENT_TEAM = DL74Q5FP2S;
				GENERATE_INFOPLIST_FILE = YES;
				IPHONEOS_DEPLOYMENT_TARGET = 18.0;
				MARKETING_VERSION = 1.0;
				PRODUCT_BUNDLE_IDENTIFIER = com.selflearning.CleanArchitectureDemoTests;
				PRODUCT_NAME = "$(TARGET_NAME)";
				SWIFT_EMIT_LOC_STRINGS = NO;
				SWIFT_VERSION = 5.0;
				TARGETED_DEVICE_FAMILY = "1,2";
				TEST_HOST = "$(BUILT_PRODUCTS_DIR)/CleanArchitectureDemo.app/$(BUNDLE_EXECUTABLE_FOLDER_PATH)/CleanArchitectureDemo";
			};
			name = Debug;
		};
		A9833C662CAEFF1900D92CDD /* Release */ = {
			isa = XCBuildConfiguration;
			buildSettings = {
				BUNDLE_LOADER = "$(TEST_HOST)";
				CODE_SIGN_STYLE = Automatic;
				CURRENT_PROJECT_VERSION = 1;
				DEVELOPMENT_TEAM = DL74Q5FP2S;
				GENERATE_INFOPLIST_FILE = YES;
				IPHONEOS_DEPLOYMENT_TARGET = 18.0;
				MARKETING_VERSION = 1.0;
				PRODUCT_BUNDLE_IDENTIFIER = com.selflearning.CleanArchitectureDemoTests;
				PRODUCT_NAME = "$(TARGET_NAME)";
				SWIFT_EMIT_LOC_STRINGS = NO;
				SWIFT_VERSION = 5.0;
				TARGETED_DEVICE_FAMILY = "1,2";
				TEST_HOST = "$(BUILT_PRODUCTS_DIR)/CleanArchitectureDemo.app/$(BUNDLE_EXECUTABLE_FOLDER_PATH)/CleanArchitectureDemo";
			};
			name = Release;
		};
		A9833C682CAEFF1900D92CDD /* Debug */ = {
			isa = XCBuildConfiguration;
			buildSettings = {
				CODE_SIGN_STYLE = Automatic;
				CURRENT_PROJECT_VERSION = 1;
				DEVELOPMENT_TEAM = DL74Q5FP2S;
				GENERATE_INFOPLIST_FILE = YES;
				MARKETING_VERSION = 1.0;
				PRODUCT_BUNDLE_IDENTIFIER = com.selflearning.CleanArchitectureDemoUITests;
				PRODUCT_NAME = "$(TARGET_NAME)";
				SWIFT_EMIT_LOC_STRINGS = NO;
				SWIFT_VERSION = 5.0;
				TARGETED_DEVICE_FAMILY = "1,2";
				TEST_TARGET_NAME = CleanArchitectureDemo;
			};
			name = Debug;
		};
		A9833C692CAEFF1900D92CDD /* Release */ = {
			isa = XCBuildConfiguration;
			buildSettings = {
				CODE_SIGN_STYLE = Automatic;
				CURRENT_PROJECT_VERSION = 1;
				DEVELOPMENT_TEAM = DL74Q5FP2S;
				GENERATE_INFOPLIST_FILE = YES;
				MARKETING_VERSION = 1.0;
				PRODUCT_BUNDLE_IDENTIFIER = com.selflearning.CleanArchitectureDemoUITests;
				PRODUCT_NAME = "$(TARGET_NAME)";
				SWIFT_EMIT_LOC_STRINGS = NO;
				SWIFT_VERSION = 5.0;
				TARGETED_DEVICE_FAMILY = "1,2";
				TEST_TARGET_NAME = CleanArchitectureDemo;
			};
			name = Release;
		};
/* End XCBuildConfiguration section */

/* Begin XCConfigurationList section */
		A9833C382CAEFF1800D92CDD /* Build configuration list for PBXProject "CleanArchitectureDemo" */ = {
			isa = XCConfigurationList;
			buildConfigurations = (
				A9833C5F2CAEFF1900D92CDD /* Debug */,
				A9833C602CAEFF1900D92CDD /* Release */,
			);
			defaultConfigurationIsVisible = 0;
			defaultConfigurationName = Release;
		};
		A9833C612CAEFF1900D92CDD /* Build configuration list for PBXNativeTarget "CleanArchitectureDemo" */ = {
			isa = XCConfigurationList;
			buildConfigurations = (
				A9833C622CAEFF1900D92CDD /* Debug */,
				A9833C632CAEFF1900D92CDD /* Release */,
			);
			defaultConfigurationIsVisible = 0;
			defaultConfigurationName = Release;
		};
		A9833C642CAEFF1900D92CDD /* Build configuration list for PBXNativeTarget "CleanArchitectureDemoTests" */ = {
			isa = XCConfigurationList;
			buildConfigurations = (
				A9833C652CAEFF1900D92CDD /* Debug */,
				A9833C662CAEFF1900D92CDD /* Release */,
			);
			defaultConfigurationIsVisible = 0;
			defaultConfigurationName = Release;
		};
		A9833C672CAEFF1900D92CDD /* Build configuration list for PBXNativeTarget "CleanArchitectureDemoUITests" */ = {
			isa = XCConfigurationList;
			buildConfigurations = (
				A9833C682CAEFF1900D92CDD /* Debug */,
				A9833C692CAEFF1900D92CDD /* Release */,
			);
			defaultConfigurationIsVisible = 0;
			defaultConfigurationName = Release;
		};
/* End XCConfigurationList section */
	};
	rootObject = A9833C352CAEFF1800D92CDD /* Project object */;
}
